
Microsoft Visual Studio Solution File, Format Version 12.00
# Visual Studio Express 2012 for Windows Desktop
Project("{FAE04EC0-301F-11D3-BF4B-00C04F79EFBC}") = "Create_NVRAM_Script", "Create_NVRAM_Script\Create_NVRAM_Script.csproj", "{A058D30F-5BB6-4090-8AA5-A1FAB0C82C5D}"
EndProject
Global
	GlobalSection(SolutionConfigurationPlatforms) = preSolution
		Debug|Any CPU = Debug|Any CPU
		Release|Any CPU = Release|Any CPU
	EndGlobalSection
	GlobalSection(ProjectConfigurationPlatforms) = postSolution
		{A058D30F-5BB6-4090-8AA5-A1FAB0C82C5D}.Debug|Any CPU.ActiveCfg = Debug|Any CPU
		{A058D30F-5BB6-4090-8AA5-A1FAB0C82C5D}.Debug|Any CPU.Build.0 = Debug|Any CPU
		{A058D30F-5BB6-4090-8AA5-A1FAB0C82C5D}.Release|Any CPU.ActiveCfg = Release|Any CPU
		{A058D30F-5BB6-4090-8AA5-A1FAB0C82C5D}.Release|Any CPU.Build.0 = Release|Any CPU
	EndGlobalSection
	GlobalSection(SolutionProperties) = preSolution
		HideSolutionNode = FALSE
	EndGlobalSection
EndGlobal
